
Microsoft Visual Studio Solution File, Format Version 12.00
# Visual Studio Version 16
VisualStudioVersion = 16.0.30907.101
MinimumVisualStudioVersion = 10.0.40219.1
Project("{2150E333-8FDC-42A3-9474-1A3956D46DE8}") = "GUI", "GUI", "{40117F8F-E408-4DA0-AFFD-6E5A6B1ADAF6}"
EndProject
Project("{2150E333-8FDC-42A3-9474-1A3956D46DE8}") = "Server", "Server", "{CB92A541-BA79-4AB9-9E15-FC84E151F229}"
EndProject
Project("{FAE04EC0-301F-11D3-BF4B-00C04F79EFBC}") = "DesktopApplication", "GUI\DesktopApplication\DesktopApplication.csproj", "{04AADEB2-E30E-494E-A2A2-AB05EDB9FAEA}"
EndProject
Project("{FAE04EC0-301F-11D3-BF4B-00C04F79EFBC}") = "DataManager", "Server\DataManager\DataManager.csproj", "{C6B1C1FB-4FFD-4727-B1E8-6602954ADAAE}"
EndProject
Project("{FAE04EC0-301F-11D3-BF4B-00C04F79EFBC}") = "DataManagerLibrary", "Server\DataManagerLibrary\DataManagerLibrary.csproj", "{A5503DF5-3C47-409D-B66F-0789F801AD68}"
EndProject
Project("{FAE04EC0-301F-11D3-BF4B-00C04F79EFBC}") = "DataAccess", "Server\DataAccess\DataAccess.csproj", "{4C6CDFA0-5748-4F95-8F2F-9CBB8BF20347}"
EndProject
Global
	GlobalSection(SolutionConfigurationPlatforms) = preSolution
		Debug|Any CPU = Debug|Any CPU
		Release|Any CPU = Release|Any CPU
	EndGlobalSection
	GlobalSection(ProjectConfigurationPlatforms) = postSolution
		{04AADEB2-E30E-494E-A2A2-AB05EDB9FAEA}.Debug|Any CPU.ActiveCfg = Debug|Any CPU
		{04AADEB2-E30E-494E-A2A2-AB05EDB9FAEA}.Debug|Any CPU.Build.0 = Debug|Any CPU
		{04AADEB2-E30E-494E-A2A2-AB05EDB9FAEA}.Release|Any CPU.ActiveCfg = Release|Any CPU
		{04AADEB2-E30E-494E-A2A2-AB05EDB9FAEA}.Release|Any CPU.Build.0 = Release|Any CPU
		{C6B1C1FB-4FFD-4727-B1E8-6602954ADAAE}.Debug|Any CPU.ActiveCfg = Debug|Any CPU
		{C6B1C1FB-4FFD-4727-B1E8-6602954ADAAE}.Debug|Any CPU.Build.0 = Debug|Any CPU
		{C6B1C1FB-4FFD-4727-B1E8-6602954ADAAE}.Release|Any CPU.ActiveCfg = Release|Any CPU
		{C6B1C1FB-4FFD-4727-B1E8-6602954ADAAE}.Release|Any CPU.Build.0 = Release|Any CPU
		{A5503DF5-3C47-409D-B66F-0789F801AD68}.Debug|Any CPU.ActiveCfg = Debug|Any CPU
		{A5503DF5-3C47-409D-B66F-0789F801AD68}.Debug|Any CPU.Build.0 = Debug|Any CPU
		{A5503DF5-3C47-409D-B66F-0789F801AD68}.Release|Any CPU.ActiveCfg = Release|Any CPU
		{A5503DF5-3C47-409D-B66F-0789F801AD68}.Release|Any CPU.Build.0 = Release|Any CPU
		{4C6CDFA0-5748-4F95-8F2F-9CBB8BF20347}.Debug|Any CPU.ActiveCfg = Debug|Any CPU
		{4C6CDFA0-5748-4F95-8F2F-9CBB8BF20347}.Debug|Any CPU.Build.0 = Debug|Any CPU
		{4C6CDFA0-5748-4F95-8F2F-9CBB8BF20347}.Release|Any CPU.ActiveCfg = Release|Any CPU
		{4C6CDFA0-5748-4F95-8F2F-9CBB8BF20347}.Release|Any CPU.Build.0 = Release|Any CPU
	EndGlobalSection
	GlobalSection(SolutionProperties) = preSolution
		HideSolutionNode = FALSE
	EndGlobalSection
	GlobalSection(NestedProjects) = preSolution
		{04AADEB2-E30E-494E-A2A2-AB05EDB9FAEA} = {40117F8F-E408-4DA0-AFFD-6E5A6B1ADAF6}
		{C6B1C1FB-4FFD-4727-B1E8-6602954ADAAE} = {CB92A541-BA79-4AB9-9E15-FC84E151F229}
		{A5503DF5-3C47-409D-B66F-0789F801AD68} = {CB92A541-BA79-4AB9-9E15-FC84E151F229}
		{4C6CDFA0-5748-4F95-8F2F-9CBB8BF20347} = {CB92A541-BA79-4AB9-9E15-FC84E151F229}
	EndGlobalSection
	GlobalSection(ExtensibilityGlobals) = postSolution
		SolutionGuid = {F02D0A76-6B12-42F3-8E75-C8DCC5A98013}
	EndGlobalSection
EndGlobal
